
Microsoft Visual Studio Solution File, Format Version 12.00
# Visual Studio 15
VisualStudioVersion = 15.0.28010.2019
MinimumVisualStudioVersion = 10.0.40219.1
Project("{FAE04EC0-301F-11D3-BF4B-00C04F79EFBC}") = "Doomroulette", "Doomroulette\Doomroulette.csproj", "{98CD5135-4C87-484A-8DED-6EF498C3F291}"
EndProject
Global
	GlobalSection(SolutionConfigurationPlatforms) = preSolution
		Debug|Any CPU = Debug|Any CPU
		Release|Any CPU = Release|Any CPU
	EndGlobalSection
	GlobalSection(ProjectConfigurationPlatforms) = postSolution
		{98CD5135-4C87-484A-8DED-6EF498C3F291}.Debug|Any CPU.ActiveCfg = Debug|Any CPU
		{98CD5135-4C87-484A-8DED-6EF498C3F291}.Debug|Any CPU.Build.0 = Debug|Any CPU
		{98CD5135-4C87-484A-8DED-6EF498C3F291}.Release|Any CPU.ActiveCfg = Release|Any CPU
		{98CD5135-4C87-484A-8DED-6EF498C3F291}.Release|Any CPU.Build.0 = Release|Any CPU
	EndGlobalSection
	GlobalSection(SolutionProperties) = preSolution
		HideSolutionNode = FALSE
	EndGlobalSection
	GlobalSection(ExtensibilityGlobals) = postSolution
		SolutionGuid = {8DB2F614-DFC6-4B8C-8C96-1E74B3439016}
	EndGlobalSection
EndGlobal
